<?xml version="1.0" encoding="utf-8"?>
<Project ToolsVersion="4.0" xmlns="http://schemas.microsoft.com/developer/msbuild/2003">
  <ItemGroup>
    <Filter Include="리소스 파일">
      <UniqueIdentifier>{67DA6AB6-F800-4c08-8B7A-83BB121AAD01}</UniqueIdentifier>
      <Extensions>rc;ico;cur;bmp;dlg;rc2;rct;bin;rgs;gif;jpg;jpeg;jpe;resx;tiff;tif;png;wav;mfcribbon-ms</Extensions>
    </Filter>
    <Filter Include="소스 파일">
      <UniqueIdentifier>{090ecb06-a114-46ad-b2d3-dd8d599fe320}</UniqueIdentifier>
    </Filter>
    <Filter Include="헤더 파일">
      <UniqueIdentifier>{c6314d41-ba5a-401d-83d2-7ecc7d5d3bfc}</UniqueIdentifier>
    </Filter>
  </ItemGroup>
  <ItemGroup>
    <None Include="fcube.glsl">
      <Filter>리소스 파일</Filter>
    </None>
    <None Include="fPhong.glsl">
      <Filter>리소스 파일</Filter>
    </None>
    <None Include="vcube.glsl">
      <Filter>리소스 파일</Filter>
    </None>
    <None Include="vPhong.glsl">
      <Filter>리소스 파일</Filter>
    </None>
  </ItemGroup>
  <ItemGroup>
    <Image Include="museum_negx.tga">
      <Filter>리소스 파일</Filter>
    </Image>
    <Image Include="museum_negy.tga">
      <Filter>리소스 파일</Filter>
    </Image>
    <Image Include="museum_negz.tga">
      <Filter>리소스 파일</Filter>
    </Image>
    <Image Include="museum_posx.tga">
      <Filter>리소스 파일</Filter>
    </Image>
    <Image Include="museum_posy.tga">
      <Filter>리소스 파일</Filter>
    </Image>
    <Image Include="museum_posz.tga">
      <Filter>리소스 파일</Filter>
    </Image>
  </ItemGroup>
  <ItemGroup>
    <ClInclude Include="MyCube.h">
      <Filter>헤더 파일</Filter>
    </ClInclude>
    <ClInclude Include="MySphere.h">
      <Filter>헤더 파일</Filter>
    </ClInclude>
    <ClInclude Include="Targa.h">
      <Filter>헤더 파일</Filter>
    </ClInclude>
  </ItemGroup>
  <ItemGroup>
    <ClCompile Include="main.cpp">
      <Filter>소스 파일</Filter>
    </ClCompile>
  </ItemGroup>
</Project>